<?xml version="1.0" encoding="utf-8"?>
<Project ToolsVersion="4.0" xmlns="http://schemas.microsoft.com/developer/msbuild/2003">
  <ItemGroup>
    <Filter Include="Source">
      <UniqueIdentifier>{4FC737F1-C7A5-4376-A066-2A32D752A2FF}</UniqueIdentifier>
      <Extensions>cpp;c;cc;cxx;def;odl;idl;hpj;bat;asm;asmx</Extensions>
    </Filter>
    <Filter Include="Headers">
      <UniqueIdentifier>{93995380-89BD-4b04-88EB-625FBE52EBFB}</UniqueIdentifier>
      <Extensions>h;hpp;hxx;hm;inl;inc;xsd</Extensions>
    </Filter>
    <Filter Include="Resources">
      <UniqueIdentifier>{67DA6AB6-F800-4c08-8B7A-83BB121AAD01}</UniqueIdentifier>
      <Extensions>rc;ico;cur;bmp;dlg;rc2;rct;bin;rgs;gif;jpg;jpeg;jpe;resx;tiff;tif;png;wav</Extensions>
    </Filter>
  </ItemGroup>
  <ItemGroup>
    <ClCompile Include="D3D10.1Capture.cpp">
      <Filter>Source</Filter>
    </ClCompile>
    <ClCompile Include="D3D10Capture.cpp">
      <Filter>Source</Filter>
    </ClCompile>
    <ClCompile Include="D3D11Capture.cpp">
      <Filter>Source</Filter>
    </ClCompile>
    <ClCompile Include="D3D9Capture.cpp">
      <Filter>Source</Filter>
    </ClCompile>
    <ClCompile Include="DDrawCapture.cpp">
      <Filter>Source</Filter>
    </ClCompile>
    <ClCompile Include="DXGICapture.cpp">
      <Filter>Source</Filter>
    </ClCompile>
    <ClCompile Include="GraphicsCaptureHook.cpp">
      <Filter>Source</Filter>
    </ClCompile>
    <ClCompile Include="OpenGLCapture.cpp">
      <Filter>Source</Filter>
    </ClCompile>
    <ClCompile Include="D3D9LogStuff.cpp">
      <Filter>Source</Filter>
    </ClCompile>
    <ClCompile Include="D3D8Capture.cpp">
      <Filter>Source</Filter>
    </ClCompile>
  </ItemGroup>
  <ItemGroup>
    <ClInclude Include="DXGIStuff.h">
      <Filter>Headers</Filter>
    </ClInclude>
    <ClInclude Include="..\GlobalCaptureStuff.h">
      <Filter>Headers</Filter>
    </ClInclude>
    <ClInclude Include="GraphicsCaptureHook.h">
      <Filter>Headers</Filter>
    </ClInclude>
    <ClInclude Include="resource.h">
      <Filter>Headers</Filter>
    </ClInclude>
    <ClInclude Include="d3d8.h">
      <Filter>Headers</Filter>
    </ClInclude>
    <ClInclude Include="d3d8caps.h">
      <Filter>Headers</Filter>
    </ClInclude>
    <ClInclude Include="d3d8types.h">
      <Filter>Headers</Filter>
    </ClInclude>
  </ItemGroup>
  <ItemGroup>
    <ResourceCompile Include="GraphicsCaptureHook.rc">
      <Filter>Resources</Filter>
    </ResourceCompile>
  </ItemGroup>
</Project>