<?xml version="1.0" encoding="utf-8"?>
<Project ToolsVersion="4.0" xmlns="http://schemas.microsoft.com/developer/msbuild/2003">
  <ItemGroup>
    <ClCompile Include="APIDefs.cpp">
      <Filter>Source</Filter>
    </ClCompile>
    <ClCompile Include="AudioSource.cpp">
      <Filter>Source</Filter>
    </ClCompile>
    <ClCompile Include="ColorControl.cpp">
      <Filter>Source</Filter>
    </ClCompile>
    <ClCompile Include="HotkeyControlEx.cpp">
      <Filter>Source</Filter>
    </ClCompile>
    <ClCompile Include="OBSApi.cpp">
      <Filter>Source</Filter>
    </ClCompile>
    <ClCompile Include="GraphicsSystem.cpp">
      <Filter>Source</Filter>
    </ClCompile>
    <ClCompile Include="VolumeMeter.cpp">
      <Filter>Source</Filter>
    </ClCompile>
    <ClCompile Include="VolumeControl.cpp">
      <Filter>Source</Filter>
    </ClCompile>
    <ClCompile Include="Scene.cpp">
      <Filter>Source</Filter>
    </ClCompile>
    <ClCompile Include="Utility\ConfigFile.cpp">
      <Filter>Utility\Source</Filter>
    </ClCompile>
    <ClCompile Include="Utility\XTLocalization.cpp">
      <Filter>Utility\Source</Filter>
    </ClCompile>
    <ClCompile Include="Utility\DebugAlloc.cpp">
      <Filter>Utility\Source</Filter>
    </ClCompile>
    <ClCompile Include="Utility\FastAlloc.cpp">
      <Filter>Utility\Source</Filter>
    </ClCompile>
    <ClCompile Include="Utility\Profiler.cpp">
      <Filter>Utility\Source</Filter>
    </ClCompile>
    <ClCompile Include="Utility\XConfig.cpp">
      <Filter>Utility\Source</Filter>
    </ClCompile>
    <ClCompile Include="Utility\XFile_Windows.cpp">
      <Filter>Utility\Source</Filter>
    </ClCompile>
    <ClCompile Include="Utility\XMath.cpp">
      <Filter>Utility\Source</Filter>
    </ClCompile>
    <ClCompile Include="Utility\XString.cpp">
      <Filter>Utility\Source</Filter>
    </ClCompile>
    <ClCompile Include="Utility\XT.cpp">
      <Filter>Utility\Source</Filter>
    </ClCompile>
    <ClCompile Include="Utility\XT_Windows.cpp">
      <Filter>Utility\Source</Filter>
    </ClCompile>
    <ClCompile Include="SettingsPane.cpp">
      <Filter>Source</Filter>
    </ClCompile>
    <ClCompile Include="Utility\utf8-windows.cpp">
      <Filter>Utility\Source</Filter>
    </ClCompile>
  </ItemGroup>
  <ItemGroup>
    <ClInclude Include="ColorControl.h">
      <Filter>Headers</Filter>
    </ClInclude>
    <ClInclude Include="AudioSource.h">
      <Filter>Headers</Filter>
    </ClInclude>
    <ClInclude Include="AudioFilter.h">
      <Filter>Headers</Filter>
    </ClInclude>
    <ClInclude Include="APIInterface.h">
      <Filter>Headers</Filter>
    </ClInclude>
    <ClInclude Include="GraphicsSystem.h">
      <Filter>Headers</Filter>
    </ClInclude>
    <ClInclude Include="OBSApi.h">
      <Filter>Headers</Filter>
    </ClInclude>
    <ClInclude Include="Scene.h">
      <Filter>Headers</Filter>
    </ClInclude>
    <ClInclude Include="VolumeMeter.h">
      <Filter>Headers</Filter>
    </ClInclude>
    <ClInclude Include="VolumeControl.h">
      <Filter>Headers</Filter>
    </ClInclude>
    <ClInclude Include="Utility\Alloc.h">
      <Filter>Utility\Headers</Filter>
    </ClInclude>
    <ClInclude Include="Utility\ConfigFile.h">
      <Filter>Utility\Headers</Filter>
    </ClInclude>
    <ClInclude Include="Utility\DebugAlloc.h">
      <Filter>Utility\Headers</Filter>
    </ClInclude>
    <ClInclude Include="Utility\Defs.h">
      <Filter>Utility\Headers</Filter>
    </ClInclude>
    <ClInclude Include="Utility\FastAlloc.h">
      <Filter>Utility\Headers</Filter>
    </ClInclude>
    <ClInclude Include="HotkeyControlEx.h">
      <Filter>Utility\Headers</Filter>
    </ClInclude>
    <ClInclude Include="Utility\Inline.h">
      <Filter>Utility\Headers</Filter>
    </ClInclude>
    <ClInclude Include="Utility\Profiler.h">
      <Filter>Utility\Headers</Filter>
    </ClInclude>
    <ClInclude Include="Utility\Serializer.h">
      <Filter>Utility\Headers</Filter>
    </ClInclude>
    <ClInclude Include="Utility\Template.h">
      <Filter>Utility\Headers</Filter>
    </ClInclude>
    <ClInclude Include="Utility\utf8.h">
      <Filter>Utility\Headers</Filter>
    </ClInclude>
    <ClInclude Include="Utility\XConfig.h">
      <Filter>Utility\Headers</Filter>
    </ClInclude>
    <ClInclude Include="Utility\XFile.h">
      <Filter>Utility\Headers</Filter>
    </ClInclude>
    <ClInclude Include="Utility\XMath.h">
      <Filter>Utility\Headers</Filter>
    </ClInclude>
    <ClInclude Include="Utility\XString.h">
      <Filter>Utility\Headers</Filter>
    </ClInclude>
    <ClInclude Include="Utility\XT.h">
      <Filter>Utility\Headers</Filter>
    </ClInclude>
    <ClInclude Include="Utility\XT_Windows.h">
      <Filter>Utility\Headers</Filter>
    </ClInclude>
    <ClInclude Include="Utility\XTLocalization.h">
      <Filter>Utility\Headers</Filter>
    </ClInclude>
    <ClInclude Include="SettingsPane.h">
      <Filter>Headers</Filter>
    </ClInclude>
    <ClInclude Include="resource.h">
      <Filter>Headers</Filter>
    </ClInclude>
    <ClInclude Include="Utility\RAIIHelpers.h">
      <Filter>Utility\Headers</Filter>
    </ClInclude>
    <ClInclude Include="Utility\ComPtr.hpp">
      <Filter>Utility\Headers</Filter>
    </ClInclude>
  </ItemGroup>
  <ItemGroup>
    <Filter Include="Source">
      <UniqueIdentifier>{ebd85662-234c-431a-bd43-a28cbe7fd3dc}</UniqueIdentifier>
      <Extensions>cpp;c;cc;cxx;def;odl;idl;hpj;bat;asm;asmx</Extensions>
    </Filter>
    <Filter Include="Headers">
      <UniqueIdentifier>{da761293-0967-4901-9a8e-a587ac2a4599}</UniqueIdentifier>
      <Extensions>h;hpp;hxx;hm;inl;inc;xsd</Extensions>
    </Filter>
    <Filter Include="Utility">
      <UniqueIdentifier>{88bebac1-7d10-48ff-9d34-689b04181ac5}</UniqueIdentifier>
    </Filter>
    <Filter Include="Utility\Source">
      <UniqueIdentifier>{0c983f30-fef0-4755-b9b5-e93d87239460}</UniqueIdentifier>
      <Extensions>cpp;c;cc;cxx;def;odl;idl;hpj;bat;asm;asmx</Extensions>
    </Filter>
    <Filter Include="Utility\Headers">
      <UniqueIdentifier>{d0560106-adb4-4e7a-9d24-2e1ec753ca95}</UniqueIdentifier>
      <Extensions>h;hpp;hxx;hm;inl;inc;xsd</Extensions>
    </Filter>
  </ItemGroup>
  <ItemGroup>
    <ResourceCompile Include="OBSApi.rc" />
  </ItemGroup>
</Project>